
Microsoft Visual Studio Solution File, Format Version 12.00
# Visual Studio 14
VisualStudioVersion = 14.0.25420.1
MinimumVisualStudioVersion = 10.0.40219.1
Project("{FAE04EC0-301F-11D3-BF4B-00C04F79EFBC}") = "BookStore.Common", "BookStore.Common\BookStore.Common.csproj", "{97D0BA11-7CFF-433C-A088-5E124DE202F7}"
EndProject
Project("{FAE04EC0-301F-11D3-BF4B-00C04F79EFBC}") = "BookStore.Model", "BookStore.Model\BookStore.Model.csproj", "{154FAAC9-E3EB-4783-B3EC-13EB1DC7EB01}"
EndProject
Project("{FAE04EC0-301F-11D3-BF4B-00C04F79EFBC}") = "BookStore.Web", "BookStore.Web\BookStore.Web.csproj", "{2512C4B5-37F5-4D6F-AA59-1FF3ADDC6119}"
EndProject
Global
	GlobalSection(SolutionConfigurationPlatforms) = preSolution
		Debug|Any CPU = Debug|Any CPU
		Release|Any CPU = Release|Any CPU
	EndGlobalSection
	GlobalSection(ProjectConfigurationPlatforms) = postSolution
		{97D0BA11-7CFF-433C-A088-5E124DE202F7}.Debug|Any CPU.ActiveCfg = Debug|Any CPU
		{97D0BA11-7CFF-433C-A088-5E124DE202F7}.Debug|Any CPU.Build.0 = Debug|Any CPU
		{97D0BA11-7CFF-433C-A088-5E124DE202F7}.Release|Any CPU.ActiveCfg = Release|Any CPU
		{97D0BA11-7CFF-433C-A088-5E124DE202F7}.Release|Any CPU.Build.0 = Release|Any CPU
		{154FAAC9-E3EB-4783-B3EC-13EB1DC7EB01}.Debug|Any CPU.ActiveCfg = Debug|Any CPU
		{154FAAC9-E3EB-4783-B3EC-13EB1DC7EB01}.Debug|Any CPU.Build.0 = Debug|Any CPU
		{154FAAC9-E3EB-4783-B3EC-13EB1DC7EB01}.Release|Any CPU.ActiveCfg = Release|Any CPU
		{154FAAC9-E3EB-4783-B3EC-13EB1DC7EB01}.Release|Any CPU.Build.0 = Release|Any CPU
		{2512C4B5-37F5-4D6F-AA59-1FF3ADDC6119}.Debug|Any CPU.ActiveCfg = Debug|Any CPU
		{2512C4B5-37F5-4D6F-AA59-1FF3ADDC6119}.Debug|Any CPU.Build.0 = Debug|Any CPU
		{2512C4B5-37F5-4D6F-AA59-1FF3ADDC6119}.Release|Any CPU.ActiveCfg = Release|Any CPU
		{2512C4B5-37F5-4D6F-AA59-1FF3ADDC6119}.Release|Any CPU.Build.0 = Release|Any CPU
	EndGlobalSection
	GlobalSection(SolutionProperties) = preSolution
		HideSolutionNode = FALSE
	EndGlobalSection
EndGlobal
